// !$*UTF8*$!
{
	archiveVersion = 1;
	classes = {
	};
	objectVersion = 46;
	objects = {

/* Begin PBXBuildFile section */
		88AF75621A20C8AF00877AE2 /* AppDelegate.swift in Sources */ = {isa = PBXBuildFile; fileRef = 88AF75611A20C8AF00877AE2 /* AppDelegate.swift */; };
		88AF75641A20C8AF00877AE2 /* ViewController.swift in Sources */ = {isa = PBXBuildFile; fileRef = 88AF75631A20C8AF00877AE2 /* ViewController.swift */; };
		88AF75671A20C8AF00877AE2 /* Main.storyboard in Resources */ = {isa = PBXBuildFile; fileRef = 88AF75651A20C8AF00877AE2 /* Main.storyboard */; };
		88AF75691A20C8AF00877AE2 /* Images.xcassets in Resources */ = {isa = PBXBuildFile; fileRef = 88AF75681A20C8AF00877AE2 /* Images.xcassets */; };
		88AF756C1A20C8AF00877AE2 /* LaunchScreen.xib in Resources */ = {isa = PBXBuildFile; fileRef = 88AF756A1A20C8AF00877AE2 /* LaunchScreen.xib */; };
		88AF75781A20C8AF00877AE2 /* LemonadeStandAssignmentTests.swift in Sources */ = {isa = PBXBuildFile; fileRef = 88AF75771A20C8AF00877AE2 /* LemonadeStandAssignmentTests.swift */; };
/* End PBXBuildFile section */

/* Begin PBXContainerItemProxy section */
		88AF75721A20C8AF00877AE2 /* PBXContainerItemProxy */ = {
			isa = PBXContainerItemProxy;
			containerPortal = 88AF75541A20C8AF00877AE2 /* Project object */;
			proxyType = 1;
			remoteGlobalIDString = 88AF755B1A20C8AF00877AE2;
			remoteInfo = LemonadeStandAssignment;
		};
/* End PBXContainerItemProxy section */

/* Begin PBXFileReference section */
		88AF755C1A20C8AF00877AE2 /* LemonadeStandAssignment.app */ = {isa = PBXFileReference; explicitFileType = wrapper.application; includeInIndex = 0; path = LemonadeStandAssignment.app; sourceTree = BUILT_PRODUCTS_DIR; };
		88AF75601A20C8AF00877AE2 /* Info.plist */ = {isa = PBXFileReference; lastKnownFileType = text.plist.xml; path = Info.plist; sourceTree = "<group>"; };
		88AF75611A20C8AF00877AE2 /* AppDelegate.swift */ = {isa = PBXFileReference; lastKnownFileType = sourcecode.swift; path = AppDelegate.swift; sourceTree = "<group>"; };
		88AF75631A20C8AF00877AE2 /* ViewController.swift */ = {isa = PBXFileReference; lastKnownFileType = sourcecode.swift; path = ViewController.swift; sourceTree = "<group>"; };
		88AF75661A20C8AF00877AE2 /* Base */ = {isa = PBXFileReference; lastKnownFileType = file.storyboard; name = Base; path = Base.lproj/Main.storyboard; sourceTree = "<group>"; };
		88AF75681A20C8AF00877AE2 /* Images.xcassets */ = {isa = PBXFileReference; lastKnownFileType = folder.assetcatalog; path = Images.xcassets; sourceTree = "<group>"; };
		88AF756B1A20C8AF00877AE2 /* Base */ = {isa = PBXFileReference; lastKnownFileType = file.xib; name = Base; path = Base.lproj/LaunchScreen.xib; sourceTree = "<group>"; };
		88AF75711A20C8AF00877AE2 /* LemonadeStandAssignmentTests.xctest */ = {isa = PBXFileReference; explicitFileType = wrapper.cfbundle; includeInIndex = 0; path = LemonadeStandAssignmentTests.xctest; sourceTree = BUILT_PRODUCTS_DIR; };
		88AF75761A20C8AF00877AE2 /* Info.plist */ = {isa = PBXFileReference; lastKnownFileType = text.plist.xml; path = Info.plist; sourceTree = "<group>"; };
		88AF75771A20C8AF00877AE2 /* LemonadeStandAssignmentTests.swift */ = {isa = PBXFileReference; lastKnownFileType = sourcecode.swift; path = LemonadeStandAssignmentTests.swift; sourceTree = "<group>"; };
/* End PBXFileReference section */

/* Begin PBXFrameworksBuildPhase section */
		88AF75591A20C8AF00877AE2 /* Frameworks */ = {
			isa = PBXFrameworksBuildPhase;
			buildActionMask = 2147483647;
			files = (
			);
			runOnlyForDeploymentPostprocessing = 0;
		};
		88AF756E1A20C8AF00877AE2 /* Frameworks */ = {
			isa = PBXFrameworksBuildPhase;
			buildActionMask = 2147483647;
			files = (
			);
			runOnlyForDeploymentPostprocessing = 0;
		};
/* End PBXFrameworksBuildPhase section */

/* Begin PBXGroup section */
		88AF75531A20C8AF00877AE2 = {
			isa = PBXGroup;
			children = (
				88AF755E1A20C8AF00877AE2 /* LemonadeStandAssignment */,
				88AF75741A20C8AF00877AE2 /* LemonadeStandAssignmentTests */,
				88AF755D1A20C8AF00877AE2 /* Products */,
			);
			sourceTree = "<group>";
		};
		88AF755D1A20C8AF00877AE2 /* Products */ = {
			isa = PBXGroup;
			children = (
				88AF755C1A20C8AF00877AE2 /* LemonadeStandAssignment.app */,
				88AF75711A20C8AF00877AE2 /* LemonadeStandAssignmentTests.xctest */,
			);
			name = Products;
			sourceTree = "<group>";
		};
		88AF755E1A20C8AF00877AE2 /* LemonadeStandAssignment */ = {
			isa = PBXGroup;
			children = (
				88AF75611A20C8AF00877AE2 /* AppDelegate.swift */,
				88AF75631A20C8AF00877AE2 /* ViewController.swift */,
				88AF75651A20C8AF00877AE2 /* Main.storyboard */,
				88AF75681A20C8AF00877AE2 /* Images.xcassets */,
				88AF756A1A20C8AF00877AE2 /* LaunchScreen.xib */,
				88AF755F1A20C8AF00877AE2 /* Supporting Files */,
			);
			path = LemonadeStandAssignment;
			sourceTree = "<group>";
		};
		88AF755F1A20C8AF00877AE2 /* Supporting Files */ = {
			isa = PBXGroup;
			children = (
				88AF75601A20C8AF00877AE2 /* Info.plist */,
			);
			name = "Supporting Files";
			sourceTree = "<group>";
		};
		88AF75741A20C8AF00877AE2 /* LemonadeStandAssignmentTests */ = {
			isa = PBXGroup;
			children = (
				88AF75771A20C8AF00877AE2 /* LemonadeStandAssignmentTests.swift */,
				88AF75751A20C8AF00877AE2 /* Supporting Files */,
			);
			path = LemonadeStandAssignmentTests;
			sourceTree = "<group>";
		};
		88AF75751A20C8AF00877AE2 /* Supporting Files */ = {
			isa = PBXGroup;
			children = (
				88AF75761A20C8AF00877AE2 /* Info.plist */,
			);
			name = "Supporting Files";
			sourceTree = "<group>";
		};
/* End PBXGroup section */

/* Begin PBXNativeTarget section */
		88AF755B1A20C8AF00877AE2 /* LemonadeStandAssignment */ = {
			isa = PBXNativeTarget;
			buildConfigurationList = 88AF757B1A20C8AF00877AE2 /* Build configuration list for PBXNativeTarget "LemonadeStandAssignment" */;
			buildPhases = (
				88AF75581A20C8AF00877AE2 /* Sources */,
				88AF75591A20C8AF00877AE2 /* Frameworks */,
				88AF755A1A20C8AF00877AE2 /* Resources */,
			);
			buildRules = (
			);
			dependencies = (
			);
			name = LemonadeStandAssignment;
			productName = LemonadeStandAssignment;
			productReference = 88AF755C1A20C8AF00877AE2 /* LemonadeStandAssignment.app */;
			productType = "com.apple.product-type.application";
		};
		88AF75701A20C8AF00877AE2 /* LemonadeStandAssignmentTests */ = {
			isa = PBXNativeTarget;
			buildConfigurationList = 88AF757E1A20C8AF00877AE2 /* Build configuration list for PBXNativeTarget "LemonadeStandAssignmentTests" */;
			buildPhases = (
				88AF756D1A20C8AF00877AE2 /* Sources */,
				88AF756E1A20C8AF00877AE2 /* Frameworks */,
				88AF756F1A20C8AF00877AE2 /* Resources */,
			);
			buildRules = (
			);
			dependencies = (
				88AF75731A20C8AF00877AE2 /* PBXTargetDependency */,
			);
			name = LemonadeStandAssignmentTests;
			productName = LemonadeStandAssignmentTests;
			productReference = 88AF75711A20C8AF00877AE2 /* LemonadeStandAssignmentTests.xctest */;
			productType = "com.apple.product-type.bundle.unit-test";
		};
/* End PBXNativeTarget section */

/* Begin PBXProject section */
		88AF75541A20C8AF00877AE2 /* Project object */ = {
			isa = PBXProject;
			attributes = {
				LastUpgradeCheck = 0610;
				ORGANIZATIONNAME = mrodriguez;
				TargetAttributes = {
					88AF755B1A20C8AF00877AE2 = {
						CreatedOnToolsVersion = 6.1;
					};
					88AF75701A20C8AF00877AE2 = {
						CreatedOnToolsVersion = 6.1;
						TestTargetID = 88AF755B1A20C8AF00877AE2;
					};
				};
			};
			buildConfigurationList = 88AF75571A20C8AF00877AE2 /* Build configuration list for PBXProject "LemonadeStandAssignment" */;
			compatibilityVersion = "Xcode 3.2";
			developmentRegion = English;
			hasScannedForEncodings = 0;
			knownRegions = (
				en,
				Base,
			);
			mainGroup = 88AF75531A20C8AF00877AE2;
			productRefGroup = 88AF755D1A20C8AF00877AE2 /* Products */;
			projectDirPath = "";
			projectRoot = "";
			targets = (
				88AF755B1A20C8AF00877AE2 /* LemonadeStandAssignment */,
				88AF75701A20C8AF00877AE2 /* LemonadeStandAssignmentTests */,
			);
		};
/* End PBXProject section */

/* Begin PBXResourcesBuildPhase section */
		88AF755A1A20C8AF00877AE2 /* Resources */ = {
			isa = PBXResourcesBuildPhase;
			buildActionMask = 2147483647;
			files = (
				88AF75671A20C8AF00877AE2 /* Main.storyboard in Resources */,
				88AF756C1A20C8AF00877AE2 /* LaunchScreen.xib in Resources */,
				88AF75691A20C8AF00877AE2 /* Images.xcassets in Resources */,
			);
			runOnlyForDeploymentPostprocessing = 0;
		};
		88AF756F1A20C8AF00877AE2 /* Resources */ = {
			isa = PBXResourcesBuildPhase;
			buildActionMask = 2147483647;
			files = (
			);
			runOnlyForDeploymentPostprocessing = 0;
		};
/* End PBXResourcesBuildPhase section */

/* Begin PBXSourcesBuildPhase section */
		88AF75581A20C8AF00877AE2 /* Sources */ = {
			isa = PBXSourcesBuildPhase;
			buildActionMask = 2147483647;
			files = (
				88AF75641A20C8AF00877AE2 /* ViewController.swift in Sources */,
				88AF75621A20C8AF00877AE2 /* AppDelegate.swift in Sources */,
			);
			runOnlyForDeploymentPostprocessing = 0;
		};
		88AF756D1A20C8AF00877AE2 /* Sources */ = {
			isa = PBXSourcesBuildPhase;
			buildActionMask = 2147483647;
			files = (
				88AF75781A20C8AF00877AE2 /* LemonadeStandAssignmentTests.swift in Sources */,
			);
			runOnlyForDeploymentPostprocessing = 0;
		};
/* End PBXSourcesBuildPhase section */

/* Begin PBXTargetDependency section */
		88AF75731A20C8AF00877AE2 /* PBXTargetDependency */ = {
			isa = PBXTargetDependency;
			target = 88AF755B1A20C8AF00877AE2 /* LemonadeStandAssignment */;
			targetProxy = 88AF75721A20C8AF00877AE2 /* PBXContainerItemProxy */;
		};
/* End PBXTargetDependency section */

/* Begin PBXVariantGroup section */
		88AF75651A20C8AF00877AE2 /* Main.storyboard */ = {
			isa = PBXVariantGroup;
			children = (
				88AF75661A20C8AF00877AE2 /* Base */,
			);
			name = Main.storyboard;
			sourceTree = "<group>";
		};
		88AF756A1A20C8AF00877AE2 /* LaunchScreen.xib */ = {
			isa = PBXVariantGroup;
			children = (
				88AF756B1A20C8AF00877AE2 /* Base */,
			);
			name = LaunchScreen.xib;
			sourceTree = "<group>";
		};
/* End PBXVariantGroup section */

/* Begin XCBuildConfiguration section */
		88AF75791A20C8AF00877AE2 /* Debug */ = {
			isa = XCBuildConfiguration;
			buildSettings = {
				ALWAYS_SEARCH_USER_PATHS = NO;
				CLANG_CXX_LANGUAGE_STANDARD = "gnu++0x";
				CLANG_CXX_LIBRARY = "libc++";
				CLANG_ENABLE_MODULES = YES;
				CLANG_ENABLE_OBJC_ARC = YES;
				CLANG_WARN_BOOL_CONVERSION = YES;
				CLANG_WARN_CONSTANT_CONVERSION = YES;
				CLANG_WARN_DIRECT_OBJC_ISA_USAGE = YES_ERROR;
				CLANG_WARN_EMPTY_BODY = YES;
				CLANG_WARN_ENUM_CONVERSION = YES;
				CLANG_WARN_INT_CONVERSION = YES;
				CLANG_WARN_OBJC_ROOT_CLASS = YES_ERROR;
				CLANG_WARN_UNREACHABLE_CODE = YES;
				CLANG_WARN__DUPLICATE_METHOD_MATCH = YES;
				"CODE_SIGN_IDENTITY[sdk=iphoneos*]" = "iPhone Developer";
				COPY_PHASE_STRIP = NO;
				ENABLE_STRICT_OBJC_MSGSEND = YES;
				GCC_C_LANGUAGE_STANDARD = gnu99;
				GCC_DYNAMIC_NO_PIC = NO;
				GCC_OPTIMIZATION_LEVEL = 0;
				GCC_PREPROCESSOR_DEFINITIONS = (
					"DEBUG=1",
					"$(inherited)",
				);
				GCC_SYMBOLS_PRIVATE_EXTERN = NO;
				GCC_WARN_64_TO_32_BIT_CONVERSION = YES;
				GCC_WARN_ABOUT_RETURN_TYPE = YES_ERROR;
				GCC_WARN_UNDECLARED_SELECTOR = YES;
				GCC_WARN_UNINITIALIZED_AUTOS = YES_AGGRESSIVE;
				GCC_WARN_UNUSED_FUNCTION = YES;
				GCC_WARN_UNUSED_VARIABLE = YES;
				IPHONEOS_DEPLOYMENT_TARGET = 8.0;
				MTL_ENABLE_DEBUG_INFO = YES;
				ONLY_ACTIVE_ARCH = YES;
				SDKROOT = iphoneos;
				SWIFT_OPTIMIZATION_LEVEL = "-Onone";
				TARGETED_DEVICE_FAMILY = "1,2";
			};
			name = Debug;
		};
		88AF757A1A20C8AF00877AE2 /* Release */ = {
			isa = XCBuildConfiguration;
			buildSettings = {
				ALWAYS_SEARCH_USER_PATHS = NO;
				CLANG_CXX_LANGUAGE_STANDARD = "gnu++0x";
				CLANG_CXX_LIBRARY = "libc++";
				CLANG_ENABLE_MODULES = YES;
				CLANG_ENABLE_OBJC_ARC = YES;
				CLANG_WARN_BOOL_CONVERSION = YES;
				CLANG_WARN_CONSTANT_CONVERSION = YES;
				CLANG_WARN_DIRECT_OBJC_ISA_USAGE = YES_ERROR;
				CLANG_WARN_EMPTY_BODY = YES;
				CLANG_WARN_ENUM_CONVERSION = YES;
				CLANG_WARN_INT_CONVERSION = YES;
				CLANG_WARN_OBJC_ROOT_CLASS = YES_ERROR;
				CLANG_WARN_UNREACHABLE_CODE = YES;
				CLANG_WARN__DUPLICATE_METHOD_MATCH = YES;
				"CODE_SIGN_IDENTITY[sdk=iphoneos*]" = "iPhone Developer";
				COPY_PHASE_STRIP = YES;
				ENABLE_NS_ASSERTIONS = NO;
				ENABLE_STRICT_OBJC_MSGSEND = YES;
				GCC_C_LANGUAGE_STANDARD = gnu99;
				GCC_WARN_64_TO_32_BIT_CONVERSION = YES;
				GCC_WARN_ABOUT_RETURN_TYPE = YES_ERROR;
				GCC_WARN_UNDECLARED_SELECTOR = YES;
				GCC_WARN_UNINITIALIZED_AUTOS = YES_AGGRESSIVE;
				GCC_WARN_UNUSED_FUNCTION = YES;
				GCC_WARN_UNUSED_VARIABLE = YES;
				IPHONEOS_DEPLOYMENT_TARGET = 8.0;
				MTL_ENABLE_DEBUG_INFO = NO;
				SDKROOT = iphoneos;
				TARGETED_DEVICE_FAMILY = "1,2";
				VALIDATE_PRODUCT = YES;
			};
			name = Release;
		};
		88AF757C1A20C8AF00877AE2 /* Debug */ = {
			isa = XCBuildConfiguration;
			buildSettings = {
				ASSETCATALOG_COMPILER_APPICON_NAME = AppIcon;
				INFOPLIST_FILE = LemonadeStandAssignment/Info.plist;
				LD_RUNPATH_SEARCH_PATHS = "$(inherited) @executable_path/Frameworks";
				PRODUCT_NAME = "$(TARGET_NAME)";
			};
			name = Debug;
		};
		88AF757D1A20C8AF00877AE2 /* Release */ = {
			isa = XCBuildConfiguration;
			buildSettings = {
				ASSETCATALOG_COMPILER_APPICON_NAME = AppIcon;
				INFOPLIST_FILE = LemonadeStandAssignment/Info.plist;
				LD_RUNPATH_SEARCH_PATHS = "$(inherited) @executable_path/Frameworks";
				PRODUCT_NAME = "$(TARGET_NAME)";
			};
			name = Release;
		};
		88AF757F1A20C8AF00877AE2 /* Debug */ = {
			isa = XCBuildConfiguration;
			buildSettings = {
				BUNDLE_LOADER = "$(TEST_HOST)";
				FRAMEWORK_SEARCH_PATHS = (
					"$(SDKROOT)/Developer/Library/Frameworks",
					"$(inherited)",
				);
				GCC_PREPROCESSOR_DEFINITIONS = (
					"DEBUG=1",
					"$(inherited)",
				);
				INFOPLIST_FILE = LemonadeStandAssignmentTests/Info.plist;
				LD_RUNPATH_SEARCH_PATHS = "$(inherited) @executable_path/Frameworks @loader_path/Frameworks";
				PRODUCT_NAME = "$(TARGET_NAME)";
				TEST_HOST = "$(BUILT_PRODUCTS_DIR)/LemonadeStandAssignment.app/LemonadeStandAssignment";
			};
			name = Debug;
		};
		88AF75801A20C8AF00877AE2 /* Release */ = {
			isa = XCBuildConfiguration;
			buildSettings = {
				BUNDLE_LOADER = "$(TEST_HOST)";
				FRAMEWORK_SEARCH_PATHS = (
					"$(SDKROOT)/Developer/Library/Frameworks",
					"$(inherited)",
				);
				INFOPLIST_FILE = LemonadeStandAssignmentTests/Info.plist;
				LD_RUNPATH_SEARCH_PATHS = "$(inherited) @executable_path/Frameworks @loader_path/Frameworks";
				PRODUCT_NAME = "$(TARGET_NAME)";
				TEST_HOST = "$(BUILT_PRODUCTS_DIR)/LemonadeStandAssignment.app/LemonadeStandAssignment";
			};
			name = Release;
		};
/* End XCBuildConfiguration section */

/* Begin XCConfigurationList section */
		88AF75571A20C8AF00877AE2 /* Build configuration list for PBXProject "LemonadeStandAssignment" */ = {
			isa = XCConfigurationList;
			buildConfigurations = (
				88AF75791A20C8AF00877AE2 /* Debug */,
				88AF757A1A20C8AF00877AE2 /* Release */,
			);
			defaultConfigurationIsVisible = 0;
			defaultConfigurationName = Release;
		};
		88AF757B1A20C8AF00877AE2 /* Build configuration list for PBXNativeTarget "LemonadeStandAssignment" */ = {
			isa = XCConfigurationList;
			buildConfigurations = (
				88AF757C1A20C8AF00877AE2 /* Debug */,
				88AF757D1A20C8AF00877AE2 /* Release */,
			);
			defaultConfigurationIsVisible = 0;
		};
		88AF757E1A20C8AF00877AE2 /* Build configuration list for PBXNativeTarget "LemonadeStandAssignmentTests" */ = {
			isa = XCConfigurationList;
			buildConfigurations = (
				88AF757F1A20C8AF00877AE2 /* Debug */,
				88AF75801A20C8AF00877AE2 /* Release */,
			);
			defaultConfigurationIsVisible = 0;
		};
/* End XCConfigurationList section */
	};
	rootObject = 88AF75541A20C8AF00877AE2 /* Project object */;
}
